// !$*UTF8*$!
{
	archiveVersion = 1;
	classes = {
	};
	objectVersion = 77;
	objects = {

/* Begin PBXContainerItemProxy section */
		13A5B2C62EF39BD700280AF8 /* PBXContainerItemProxy */ = {
			isa = PBXContainerItemProxy;
			containerPortal = 13A5B2A72EF39BD600280AF8 /* Project object */;
			proxyType = 1;
			remoteGlobalIDString = 13A5B2AE2EF39BD600280AF8;
			remoteInfo = OnboardingPages;
		};
		13A5B2D02EF39BD700280AF8 /* PBXContainerItemProxy */ = {
			isa = PBXContainerItemProxy;
			containerPortal = 13A5B2A72EF39BD600280AF8 /* Project object */;
			proxyType = 1;
			remoteGlobalIDString = 13A5B2AE2EF39BD600280AF8;
			remoteInfo = OnboardingPages;
		};
/* End PBXContainerItemProxy section */

/* Begin PBXFileReference section */
		13A5B2AF2EF39BD600280AF8 /* OnboardingPages.app */ = {isa = PBXFileReference; explicitFileType = wrapper.application; includeInIndex = 0; path = OnboardingPages.app; sourceTree = BUILT_PRODUCTS_DIR; };
		13A5B2C52EF39BD700280AF8 /* OnboardingPagesTests.xctest */ = {isa = PBXFileReference; explicitFileType = wrapper.cfbundle; includeInIndex = 0; path = OnboardingPagesTests.xctest; sourceTree = BUILT_PRODUCTS_DIR; };
		13A5B2CF2EF39BD700280AF8 /* OnboardingPagesUITests.xctest */ = {isa = PBXFileReference; explicitFileType = wrapper.cfbundle; includeInIndex = 0; path = OnboardingPagesUITests.xctest; sourceTree = BUILT_PRODUCTS_DIR; };
/* End PBXFileReference section */

/* Begin PBXFileSystemSynchronizedBuildFileExceptionSet section */
		13A5B2D72EF39BD700280AF8 /* Exceptions for "OnboardingPages" folder in "OnboardingPages" target */ = {
			isa = PBXFileSystemSynchronizedBuildFileExceptionSet;
			membershipExceptions = (
				Info.plist,
			);
			target = 13A5B2AE2EF39BD600280AF8 /* OnboardingPages */;
		};
/* End PBXFileSystemSynchronizedBuildFileExceptionSet section */

/* Begin PBXFileSystemSynchronizedRootGroup section */
		13A5B2B12EF39BD600280AF8 /* OnboardingPages */ = {
			isa = PBXFileSystemSynchronizedRootGroup;
			exceptions = (
				13A5B2D72EF39BD700280AF8 /* Exceptions for "OnboardingPages" folder in "OnboardingPages" target */,
			);
			path = OnboardingPages;
			sourceTree = "<group>";
		};
		13A5B2C82EF39BD700280AF8 /* OnboardingPagesTests */ = {
			isa = PBXFileSystemSynchronizedRootGroup;
			path = OnboardingPagesTests;
			sourceTree = "<group>";
		};
		13A5B2D22EF39BD700280AF8 /* OnboardingPagesUITests */ = {
			isa = PBXFileSystemSynchronizedRootGroup;
			path = OnboardingPagesUITests;
			sourceTree = "<group>";
		};
/* End PBXFileSystemSynchronizedRootGroup section */

/* Begin PBXFrameworksBuildPhase section */
		13A5B2AC2EF39BD600280AF8 /* Frameworks */ = {
			isa = PBXFrameworksBuildPhase;
			buildActionMask = 2147483647;
			files = (
			);
			runOnlyForDeploymentPostprocessing = 0;
		};
		13A5B2C22EF39BD700280AF8 /* Frameworks */ = {
			isa = PBXFrameworksBuildPhase;
			buildActionMask = 2147483647;
			files = (
			);
			runOnlyForDeploymentPostprocessing = 0;
		};
		13A5B2CC2EF39BD700280AF8 /* Frameworks */ = {
			isa = PBXFrameworksBuildPhase;
			buildActionMask = 2147483647;
			files = (
			);
			runOnlyForDeploymentPostprocessing = 0;
		};
/* End PBXFrameworksBuildPhase section */

/* Begin PBXGroup section */
		13A5B2A62EF39BD600280AF8 = {
			isa = PBXGroup;
			children = (
				13A5B2B12EF39BD600280AF8 /* OnboardingPages */,
				13A5B2C82EF39BD700280AF8 /* OnboardingPagesTests */,
				13A5B2D22EF39BD700280AF8 /* OnboardingPagesUITests */,
				13A5B2B02EF39BD600280AF8 /* Products */,
			);
			sourceTree = "<group>";
		};
		13A5B2B02EF39BD600280AF8 /* Products */ = {
			isa = PBXGroup;
			children = (
				13A5B2AF2EF39BD600280AF8 /* OnboardingPages.app */,
				13A5B2C52EF39BD700280AF8 /* OnboardingPagesTests.xctest */,
				13A5B2CF2EF39BD700280AF8 /* OnboardingPagesUITests.xctest */,
			);
			name = Products;
			sourceTree = "<group>";
		};
/* End PBXGroup section */

/* Begin PBXNativeTarget section */
		13A5B2AE2EF39BD600280AF8 /* OnboardingPages */ = {
			isa = PBXNativeTarget;
			buildConfigurationList = 13A5B2D82EF39BD700280AF8 /* Build configuration list for PBXNativeTarget "OnboardingPages" */;
			buildPhases = (
				13A5B2AB2EF39BD600280AF8 /* Sources */,
				13A5B2AC2EF39BD600280AF8 /* Frameworks */,
				13A5B2AD2EF39BD600280AF8 /* Resources */,
			);
			buildRules = (
			);
			dependencies = (
			);
			fileSystemSynchronizedGroups = (
				13A5B2B12EF39BD600280AF8 /* OnboardingPages */,
			);
			name = OnboardingPages;
			packageProductDependencies = (
			);
			productName = OnboardingPages;
			productReference = 13A5B2AF2EF39BD600280AF8 /* OnboardingPages.app */;
			productType = "com.apple.product-type.application";
		};
		13A5B2C42EF39BD700280AF8 /* OnboardingPagesTests */ = {
			isa = PBXNativeTarget;
			buildConfigurationList = 13A5B2DD2EF39BD700280AF8 /* Build configuration list for PBXNativeTarget "OnboardingPagesTests" */;
			buildPhases = (
				13A5B2C12EF39BD700280AF8 /* Sources */,
				13A5B2C22EF39BD700280AF8 /* Frameworks */,
				13A5B2C32EF39BD700280AF8 /* Resources */,
			);
			buildRules = (
			);
			dependencies = (
				13A5B2C72EF39BD700280AF8 /* PBXTargetDependency */,
			);
			fileSystemSynchronizedGroups = (
				13A5B2C82EF39BD700280AF8 /* OnboardingPagesTests */,
			);
			name = OnboardingPagesTests;
			packageProductDependencies = (
			);
			productName = OnboardingPagesTests;
			productReference = 13A5B2C52EF39BD700280AF8 /* OnboardingPagesTests.xctest */;
			productType = "com.apple.product-type.bundle.unit-test";
		};
		13A5B2CE2EF39BD700280AF8 /* OnboardingPagesUITests */ = {
			isa = PBXNativeTarget;
			buildConfigurationList = 13A5B2E02EF39BD700280AF8 /* Build configuration list for PBXNativeTarget "OnboardingPagesUITests" */;
			buildPhases = (
				13A5B2CB2EF39BD700280AF8 /* Sources */,
				13A5B2CC2EF39BD700280AF8 /* Frameworks */,
				13A5B2CD2EF39BD700280AF8 /* Resources */,
			);
			buildRules = (
			);
			dependencies = (
				13A5B2D12EF39BD700280AF8 /* PBXTargetDependency */,
			);
			fileSystemSynchronizedGroups = (
				13A5B2D22EF39BD700280AF8 /* OnboardingPagesUITests */,
			);
			name = OnboardingPagesUITests;
			packageProductDependencies = (
			);
			productName = OnboardingPagesUITests;
			productReference = 13A5B2CF2EF39BD700280AF8 /* OnboardingPagesUITests.xctest */;
			productType = "com.apple.product-type.bundle.ui-testing";
		};
/* End PBXNativeTarget section */

/* Begin PBXProject section */
		13A5B2A72EF39BD600280AF8 /* Project object */ = {
			isa = PBXProject;
			attributes = {
				BuildIndependentTargetsInParallel = 1;
				LastSwiftUpdateCheck = 2600;
				LastUpgradeCheck = 2600;
				TargetAttributes = {
					13A5B2AE2EF39BD600280AF8 = {
						CreatedOnToolsVersion = 26.0.1;
					};
					13A5B2C42EF39BD700280AF8 = {
						CreatedOnToolsVersion = 26.0.1;
						TestTargetID = 13A5B2AE2EF39BD600280AF8;
					};
					13A5B2CE2EF39BD700280AF8 = {
						CreatedOnToolsVersion = 26.0.1;
						TestTargetID = 13A5B2AE2EF39BD600280AF8;
					};
				};
			};
			buildConfigurationList = 13A5B2AA2EF39BD600280AF8 /* Build configuration list for PBXProject "OnboardingPages" */;
			developmentRegion = en;
			hasScannedForEncodings = 0;
			knownRegions = (
				en,
				Base,
			);
			mainGroup = 13A5B2A62EF39BD600280AF8;
			minimizedProjectReferenceProxies = 1;
			preferredProjectObjectVersion = 77;
			productRefGroup = 13A5B2B02EF39BD600280AF8 /* Products */;
			projectDirPath = "";
			projectRoot = "";
			targets = (
				13A5B2AE2EF39BD600280AF8 /* OnboardingPages */,
				13A5B2C42EF39BD700280AF8 /* OnboardingPagesTests */,
				13A5B2CE2EF39BD700280AF8 /* OnboardingPagesUITests */,
			);
		};
/* End PBXProject section */

/* Begin PBXResourcesBuildPhase section */
		13A5B2AD2EF39BD600280AF8 /* Resources */ = {
			isa = PBXResourcesBuildPhase;
			buildActionMask = 2147483647;
			files = (
			);
			runOnlyForDeploymentPostprocessing = 0;
		};
		13A5B2C32EF39BD700280AF8 /* Resources */ = {
			isa = PBXResourcesBuildPhase;
			buildActionMask = 2147483647;
			files = (
			);
			runOnlyForDeploymentPostprocessing = 0;
		};
		13A5B2CD2EF39BD700280AF8 /* Resources */ = {
			isa = PBXResourcesBuildPhase;
			buildActionMask = 2147483647;
			files = (
			);
			runOnlyForDeploymentPostprocessing = 0;
		};
/* End PBXResourcesBuildPhase section */

/* Begin PBXSourcesBuildPhase section */
		13A5B2AB2EF39BD600280AF8 /* Sources */ = {
			isa = PBXSourcesBuildPhase;
			buildActionMask = 2147483647;
			files = (
			);
			runOnlyForDeploymentPostprocessing = 0;
		};
		13A5B2C12EF39BD700280AF8 /* Sources */ = {
			isa = PBXSourcesBuildPhase;
			buildActionMask = 2147483647;
			files = (
			);
			runOnlyForDeploymentPostprocessing = 0;
		};
		13A5B2CB2EF39BD700280AF8 /* Sources */ = {
			isa = PBXSourcesBuildPhase;
			buildActionMask = 2147483647;
			files = (
			);
			runOnlyForDeploymentPostprocessing = 0;
		};
/* End PBXSourcesBuildPhase section */

/* Begin PBXTargetDependency section */
		13A5B2C72EF39BD700280AF8 /* PBXTargetDependency */ = {
			isa = PBXTargetDependency;
			target = 13A5B2AE2EF39BD600280AF8 /* OnboardingPages */;
			targetProxy = 13A5B2C62EF39BD700280AF8 /* PBXContainerItemProxy */;
		};
		13A5B2D12EF39BD700280AF8 /* PBXTargetDependency */ = {
			isa = PBXTargetDependency;
			target = 13A5B2AE2EF39BD600280AF8 /* OnboardingPages */;
			targetProxy = 13A5B2D02EF39BD700280AF8 /* PBXContainerItemProxy */;
		};
/* End PBXTargetDependency section */

/* Begin XCBuildConfiguration section */
		13A5B2D92EF39BD700280AF8 /* Debug */ = {
			isa = XCBuildConfiguration;
			buildSettings = {
				ASSETCATALOG_COMPILER_APPICON_NAME = AppIcon;
				ASSETCATALOG_COMPILER_GLOBAL_ACCENT_COLOR_NAME = AccentColor;
				CODE_SIGN_STYLE = Automatic;
				CURRENT_PROJECT_VERSION = 1;
				DEVELOPMENT_TEAM = 3XVHG7LDG8;
				GENERATE_INFOPLIST_FILE = YES;
				INFOPLIST_FILE = OnboardingPages/Info.plist;
				INFOPLIST_KEY_UIApplicationSupportsIndirectInputEvents = YES;
				INFOPLIST_KEY_UILaunchStoryboardName = LaunchScreen;
				INFOPLIST_KEY_UIMainStoryboardFile = Main;
				INFOPLIST_KEY_UISupportedInterfaceOrientations_iPad = "UIInterfaceOrientationPortrait UIInterfaceOrientationPortraitUpsideDown UIInterfaceOrientationLandscapeLeft UIInterfaceOrientationLandscapeRight";
				INFOPLIST_KEY_UISupportedInterfaceOrientations_iPhone = "UIInterfaceOrientationPortrait UIInterfaceOrientationLandscapeLeft UIInterfaceOrientationLandscapeRight";
				LD_RUNPATH_SEARCH_PATHS = (
					"$(inherited)",
					"@executable_path/Frameworks",
				);
				MARKETING_VERSION = 1.0;
				PRODUCT_BUNDLE_IDENTIFIER = com.srivalli.OnboardingPages;
				PRODUCT_NAME = "$(TARGET_NAME)";
				STRING_CATALOG_GENERATE_SYMBOLS = YES;
				SWIFT_APPROACHABLE_CONCURRENCY = YES;
				SWIFT_DEFAULT_ACTOR_ISOLATION = MainActor;
				SWIFT_EMIT_LOC_STRINGS = YES;
				SWIFT_UPCOMING_FEATURE_MEMBER_IMPORT_VISIBILITY = YES;
				SWIFT_VERSION = 5.0;
				TARGETED_DEVICE_FAMILY = "1,2";
			};
			name = Debug;
		};
		13A5B2DA2EF39BD700280AF8 /* Release */ = {
			isa = XCBuildConfiguration;
			buildSettings = {
				ASSETCATALOG_COMPILER_APPICON_NAME = AppIcon;
				ASSETCATALOG_COMPILER_GLOBAL_ACCENT_COLOR_NAME = AccentColor;
				CODE_SIGN_STYLE = Automatic;
				CURRENT_PROJECT_VERSION = 1;
				DEVELOPMENT_TEAM = 3XVHG7LDG8;
				GENERATE_INFOPLIST_FILE = YES;
				INFOPLIST_FILE = OnboardingPages/Info.plist;
				INFOPLIST_KEY_UIApplicationSupportsIndirectInputEvents = YES;
				INFOPLIST_KEY_UILaunchStoryboardName = LaunchScreen;
				INFOPLIST_KEY_UIMainStoryboardFile = Main;
				INFOPLIST_KEY_UISupportedInterfaceOrientations_iPad = "UIInterfaceOrientationPortrait UIInterfaceOrientationPortraitUpsideDown UIInterfaceOrientationLandscapeLeft UIInterfaceOrientationLandscapeRight";
				INFOPLIST_KEY_UISupportedInterfaceOrientations_iPhone = "UIInterfaceOrientationPortrait UIInterfaceOrientationLandscapeLeft UIInterfaceOrientationLandscapeRight";
				LD_RUNPATH_SEARCH_PATHS = (
					"$(inherited)",
					"@executable_path/Frameworks",
				);
				MARKETING_VERSION = 1.0;
				PRODUCT_BUNDLE_IDENTIFIER = com.srivalli.OnboardingPages;
				PRODUCT_NAME = "$(TARGET_NAME)";
				STRING_CATALOG_GENERATE_SYMBOLS = YES;
				SWIFT_APPROACHABLE_CONCURRENCY = YES;
				SWIFT_DEFAULT_ACTOR_ISOLATION = MainActor;
				SWIFT_EMIT_LOC_STRINGS = YES;
				SWIFT_UPCOMING_FEATURE_MEMBER_IMPORT_VISIBILITY = YES;
				SWIFT_VERSION = 5.0;
				TARGETED_DEVICE_FAMILY = "1,2";
			};
			name = Release;
		};
		13A5B2DB2EF39BD700280AF8 /* Debug */ = {
			isa = XCBuildConfiguration;
			buildSettings = {
				ALWAYS_SEARCH_USER_PATHS = NO;
				ASSETCATALOG_COMPILER_GENERATE_SWIFT_ASSET_SYMBOL_EXTENSIONS = YES;
				CLANG_ANALYZER_NONNULL = YES;
				CLANG_ANALYZER_NUMBER_OBJECT_CONVERSION = YES_AGGRESSIVE;
				CLANG_CXX_LANGUAGE_STANDARD = "gnu++20";
				CLANG_ENABLE_MODULES = YES;
				CLANG_ENABLE_OBJC_ARC = YES;
				CLANG_ENABLE_OBJC_WEAK = YES;
				CLANG_WARN_BLOCK_CAPTURE_AUTORELEASING = YES;
				CLANG_WARN_BOOL_CONVERSION = YES;
				CLANG_WARN_COMMA = YES;
				CLANG_WARN_CONSTANT_CONVERSION = YES;
				CLANG_WARN_DEPRECATED_OBJC_IMPLEMENTATIONS = YES;
				CLANG_WARN_DIRECT_OBJC_ISA_USAGE = YES_ERROR;
				CLANG_WARN_DOCUMENTATION_COMMENTS = YES;
				CLANG_WARN_EMPTY_BODY = YES;
				CLANG_WARN_ENUM_CONVERSION = YES;
				CLANG_WARN_INFINITE_RECURSION = YES;
				CLANG_WARN_INT_CONVERSION = YES;
				CLANG_WARN_NON_LITERAL_NULL_CONVERSION = YES;
				CLANG_WARN_OBJC_IMPLICIT_RETAIN_SELF = YES;
				CLANG_WARN_OBJC_LITERAL_CONVERSION = YES;
				CLANG_WARN_OBJC_ROOT_CLASS = YES_ERROR;
				CLANG_WARN_QUOTED_INCLUDE_IN_FRAMEWORK_HEADER = YES;
				CLANG_WARN_RANGE_LOOP_ANALYSIS = YES;
				CLANG_WARN_STRICT_PROTOTYPES = YES;
				CLANG_WARN_SUSPICIOUS_MOVE = YES;
				CLANG_WARN_UNGUARDED_AVAILABILITY = YES_AGGRESSIVE;
				CLANG_WARN_UNREACHABLE_CODE = YES;
				CLANG_WARN__DUPLICATE_METHOD_MATCH = YES;
				COPY_PHASE_STRIP = NO;
				DEBUG_INFORMATION_FORMAT = dwarf;
				DEVELOPMENT_TEAM = 3XVHG7LDG8;
				ENABLE_STRICT_OBJC_MSGSEND = YES;
				ENABLE_TESTABILITY = YES;
				ENABLE_USER_SCRIPT_SANDBOXING = YES;
				GCC_C_LANGUAGE_STANDARD = gnu17;
				GCC_DYNAMIC_NO_PIC = NO;
				GCC_NO_COMMON_BLOCKS = YES;
				GCC_OPTIMIZATION_LEVEL = 0;
				GCC_PREPROCESSOR_DEFINITIONS = (
					"DEBUG=1",
					"$(inherited)",
				);
				GCC_WARN_64_TO_32_BIT_CONVERSION = YES;
				GCC_WARN_ABOUT_RETURN_TYPE = YES_ERROR;
				GCC_WARN_UNDECLARED_SELECTOR = YES;
				GCC_WARN_UNINITIALIZED_AUTOS = YES_AGGRESSIVE;
				GCC_WARN_UNUSED_FUNCTION = YES;
				GCC_WARN_UNUSED_VARIABLE = YES;
				IPHONEOS_DEPLOYMENT_TARGET = 26.0;
				LOCALIZATION_PREFERS_STRING_CATALOGS = YES;
				MTL_ENABLE_DEBUG_INFO = INCLUDE_SOURCE;
				MTL_FAST_MATH = YES;
				ONLY_ACTIVE_ARCH = YES;
				SDKROOT = iphoneos;
				SWIFT_ACTIVE_COMPILATION_CONDITIONS = "DEBUG $(inherited)";
				SWIFT_OPTIMIZATION_LEVEL = "-Onone";
			};
			name = Debug;
		};
		13A5B2DC2EF39BD700280AF8 /* Release */ = {
			isa = XCBuildConfiguration;
			buildSettings = {
				ALWAYS_SEARCH_USER_PATHS = NO;
				ASSETCATALOG_COMPILER_GENERATE_SWIFT_ASSET_SYMBOL_EXTENSIONS = YES;
				CLANG_ANALYZER_NONNULL = YES;
				CLANG_ANALYZER_NUMBER_OBJECT_CONVERSION = YES_AGGRESSIVE;
				CLANG_CXX_LANGUAGE_STANDARD = "gnu++20";
				CLANG_ENABLE_MODULES = YES;
				CLANG_ENABLE_OBJC_ARC = YES;
				CLANG_ENABLE_OBJC_WEAK = YES;
				CLANG_WARN_BLOCK_CAPTURE_AUTORELEASING = YES;
				CLANG_WARN_BOOL_CONVERSION = YES;
				CLANG_WARN_COMMA = YES;
				CLANG_WARN_CONSTANT_CONVERSION = YES;
				CLANG_WARN_DEPRECATED_OBJC_IMPLEMENTATIONS = YES;
				CLANG_WARN_DIRECT_OBJC_ISA_USAGE = YES_ERROR;
				CLANG_WARN_DOCUMENTATION_COMMENTS = YES;
				CLANG_WARN_EMPTY_BODY = YES;
				CLANG_WARN_ENUM_CONVERSION = YES;
				CLANG_WARN_INFINITE_RECURSION = YES;
				CLANG_WARN_INT_CONVERSION = YES;
				CLANG_WARN_NON_LITERAL_NULL_CONVERSION = YES;
				CLANG_WARN_OBJC_IMPLICIT_RETAIN_SELF = YES;
				CLANG_WARN_OBJC_LITERAL_CONVERSION = YES;
				CLANG_WARN_OBJC_ROOT_CLASS = YES_ERROR;
				CLANG_WARN_QUOTED_INCLUDE_IN_FRAMEWORK_HEADER = YES;
				CLANG_WARN_RANGE_LOOP_ANALYSIS = YES;
				CLANG_WARN_STRICT_PROTOTYPES = YES;
				CLANG_WARN_SUSPICIOUS_MOVE = YES;
				CLANG_WARN_UNGUARDED_AVAILABILITY = YES_AGGRESSIVE;
				CLANG_WARN_UNREACHABLE_CODE = YES;
				CLANG_WARN__DUPLICATE_METHOD_MATCH = YES;
				COPY_PHASE_STRIP = NO;
				DEBUG_INFORMATION_FORMAT = "dwarf-with-dsym";
				DEVELOPMENT_TEAM = 3XVHG7LDG8;
				ENABLE_NS_ASSERTIONS = NO;
				ENABLE_STRICT_OBJC_MSGSEND = YES;
				ENABLE_USER_SCRIPT_SANDBOXING = YES;
				GCC_C_LANGUAGE_STANDARD = gnu17;
				GCC_NO_COMMON_BLOCKS = YES;
				GCC_WARN_64_TO_32_BIT_CONVERSION = YES;
				GCC_WARN_ABOUT_RETURN_TYPE = YES_ERROR;
				GCC_WARN_UNDECLARED_SELECTOR = YES;
				GCC_WARN_UNINITIALIZED_AUTOS = YES_AGGRESSIVE;
				GCC_WARN_UNUSED_FUNCTION = YES;
				GCC_WARN_UNUSED_VARIABLE = YES;
				IPHONEOS_DEPLOYMENT_TARGET = 26.0;
				LOCALIZATION_PREFERS_STRING_CATALOGS = YES;
				MTL_ENABLE_DEBUG_INFO = NO;
				MTL_FAST_MATH = YES;
				SDKROOT = iphoneos;
				SWIFT_COMPILATION_MODE = wholemodule;
				VALIDATE_PRODUCT = YES;
			};
			name = Release;
		};
		13A5B2DE2EF39BD700280AF8 /* Debug */ = {
			isa = XCBuildConfiguration;
			buildSettings = {
				BUNDLE_LOADER = "$(TEST_HOST)";
				CODE_SIGN_STYLE = Automatic;
				CURRENT_PROJECT_VERSION = 1;
				DEVELOPMENT_TEAM = 3XVHG7LDG8;
				GENERATE_INFOPLIST_FILE = YES;
				IPHONEOS_DEPLOYMENT_TARGET = 26.0;
				MARKETING_VERSION = 1.0;
				PRODUCT_BUNDLE_IDENTIFIER = com.srivalli.OnboardingPagesTests;
				PRODUCT_NAME = "$(TARGET_NAME)";
				STRING_CATALOG_GENERATE_SYMBOLS = NO;
				SWIFT_APPROACHABLE_CONCURRENCY = YES;
				SWIFT_EMIT_LOC_STRINGS = NO;
				SWIFT_UPCOMING_FEATURE_MEMBER_IMPORT_VISIBILITY = YES;
				SWIFT_VERSION = 5.0;
				TARGETED_DEVICE_FAMILY = "1,2";
				TEST_HOST = "$(BUILT_PRODUCTS_DIR)/OnboardingPages.app/$(BUNDLE_EXECUTABLE_FOLDER_PATH)/OnboardingPages";
			};
			name = Debug;
		};
		13A5B2DF2EF39BD700280AF8 /* Release */ = {
			isa = XCBuildConfiguration;
			buildSettings = {
				BUNDLE_LOADER = "$(TEST_HOST)";
				CODE_SIGN_STYLE = Automatic;
				CURRENT_PROJECT_VERSION = 1;
				DEVELOPMENT_TEAM = 3XVHG7LDG8;
				GENERATE_INFOPLIST_FILE = YES;
				IPHONEOS_DEPLOYMENT_TARGET = 26.0;
				MARKETING_VERSION = 1.0;
				PRODUCT_BUNDLE_IDENTIFIER = com.srivalli.OnboardingPagesTests;
				PRODUCT_NAME = "$(TARGET_NAME)";
				STRING_CATALOG_GENERATE_SYMBOLS = NO;
				SWIFT_APPROACHABLE_CONCURRENCY = YES;
				SWIFT_EMIT_LOC_STRINGS = NO;
				SWIFT_UPCOMING_FEATURE_MEMBER_IMPORT_VISIBILITY = YES;
				SWIFT_VERSION = 5.0;
				TARGETED_DEVICE_FAMILY = "1,2";
				TEST_HOST = "$(BUILT_PRODUCTS_DIR)/OnboardingPages.app/$(BUNDLE_EXECUTABLE_FOLDER_PATH)/OnboardingPages";
			};
			name = Release;
		};
		13A5B2E12EF39BD700280AF8 /* Debug */ = {
			isa = XCBuildConfiguration;
			buildSettings = {
				CODE_SIGN_STYLE = Automatic;
				CURRENT_PROJECT_VERSION = 1;
				DEVELOPMENT_TEAM = 3XVHG7LDG8;
				GENERATE_INFOPLIST_FILE = YES;
				MARKETING_VERSION = 1.0;
				PRODUCT_BUNDLE_IDENTIFIER = com.srivalli.OnboardingPagesUITests;
				PRODUCT_NAME = "$(TARGET_NAME)";
				STRING_CATALOG_GENERATE_SYMBOLS = NO;
				SWIFT_APPROACHABLE_CONCURRENCY = YES;
				SWIFT_EMIT_LOC_STRINGS = NO;
				SWIFT_UPCOMING_FEATURE_MEMBER_IMPORT_VISIBILITY = YES;
				SWIFT_VERSION = 5.0;
				TARGETED_DEVICE_FAMILY = "1,2";
				TEST_TARGET_NAME = OnboardingPages;
			};
			name = Debug;
		};
		13A5B2E22EF39BD700280AF8 /* Release */ = {
			isa = XCBuildConfiguration;
			buildSettings = {
				CODE_SIGN_STYLE = Automatic;
				CURRENT_PROJECT_VERSION = 1;
				DEVELOPMENT_TEAM = 3XVHG7LDG8;
				GENERATE_INFOPLIST_FILE = YES;
				MARKETING_VERSION = 1.0;
				PRODUCT_BUNDLE_IDENTIFIER = com.srivalli.OnboardingPagesUITests;
				PRODUCT_NAME = "$(TARGET_NAME)";
				STRING_CATALOG_GENERATE_SYMBOLS = NO;
				SWIFT_APPROACHABLE_CONCURRENCY = YES;
				SWIFT_EMIT_LOC_STRINGS = NO;
				SWIFT_UPCOMING_FEATURE_MEMBER_IMPORT_VISIBILITY = YES;
				SWIFT_VERSION = 5.0;
				TARGETED_DEVICE_FAMILY = "1,2";
				TEST_TARGET_NAME = OnboardingPages;
			};
			name = Release;
		};
/* End XCBuildConfiguration section */

/* Begin XCConfigurationList section */
		13A5B2AA2EF39BD600280AF8 /* Build configuration list for PBXProject "OnboardingPages" */ = {
			isa = XCConfigurationList;
			buildConfigurations = (
				13A5B2DB2EF39BD700280AF8 /* Debug */,
				13A5B2DC2EF39BD700280AF8 /* Release */,
			);
			defaultConfigurationIsVisible = 0;
			defaultConfigurationName = Release;
		};
		13A5B2D82EF39BD700280AF8 /* Build configuration list for PBXNativeTarget "OnboardingPages" */ = {
			isa = XCConfigurationList;
			buildConfigurations = (
				13A5B2D92EF39BD700280AF8 /* Debug */,
				13A5B2DA2EF39BD700280AF8 /* Release */,
			);
			defaultConfigurationIsVisible = 0;
			defaultConfigurationName = Release;
		};
		13A5B2DD2EF39BD700280AF8 /* Build configuration list for PBXNativeTarget "OnboardingPagesTests" */ = {
			isa = XCConfigurationList;
			buildConfigurations = (
				13A5B2DE2EF39BD700280AF8 /* Debug */,
				13A5B2DF2EF39BD700280AF8 /* Release */,
			);
			defaultConfigurationIsVisible = 0;
			defaultConfigurationName = Release;
		};
		13A5B2E02EF39BD700280AF8 /* Build configuration list for PBXNativeTarget "OnboardingPagesUITests" */ = {
			isa = XCConfigurationList;
			buildConfigurations = (
				13A5B2E12EF39BD700280AF8 /* Debug */,
				13A5B2E22EF39BD700280AF8 /* Release */,
			);
			defaultConfigurationIsVisible = 0;
			defaultConfigurationName = Release;
		};
/* End XCConfigurationList section */
	};
	rootObject = 13A5B2A72EF39BD600280AF8 /* Project object */;
}
